// !$*UTF8*$!
{
	archiveVersion = 1;
	classes = {
	};
	objectVersion = 56;
	objects = {

/* Begin PBXBuildFile section */
		665D141F29783FE20050C10C /* Drawing2App.swift in Sources */ = {isa = PBXBuildFile; fileRef = 665D141E29783FE20050C10C /* Drawing2App.swift */; };
		665D142129783FE20050C10C /* ContentView.swift in Sources */ = {isa = PBXBuildFile; fileRef = 665D142029783FE20050C10C /* ContentView.swift */; };
		665D142329783FE30050C10C /* Assets.xcassets in Resources */ = {isa = PBXBuildFile; fileRef = 665D142229783FE30050C10C /* Assets.xcassets */; };
		665D142629783FE30050C10C /* Preview Assets.xcassets in Resources */ = {isa = PBXBuildFile; fileRef = 665D142529783FE30050C10C /* Preview Assets.xcassets */; };
		665D142D2978530F0050C10C /* project9pt3.swift in Sources */ = {isa = PBXBuildFile; fileRef = 665D142C2978530F0050C10C /* project9pt3.swift */; };
		665D142F29785B660050C10C /* AnimatingSimpleShapes.swift in Sources */ = {isa = PBXBuildFile; fileRef = 665D142E29785B660050C10C /* AnimatingSimpleShapes.swift */; };
		665D1431297864020050C10C /* AnimatingComplexShapes.swift in Sources */ = {isa = PBXBuildFile; fileRef = 665D1430297864020050C10C /* AnimatingComplexShapes.swift */; };
		665D1433297869230050C10C /* Spirograph.swift in Sources */ = {isa = PBXBuildFile; fileRef = 665D1432297869230050C10C /* Spirograph.swift */; };
		665D143529787F100050C10C /* challenges.swift in Sources */ = {isa = PBXBuildFile; fileRef = 665D143429787F100050C10C /* challenges.swift */; };
/* End PBXBuildFile section */

/* Begin PBXFileReference section */
		665D141B29783FE20050C10C /* Drawing2.app */ = {isa = PBXFileReference; explicitFileType = wrapper.application; includeInIndex = 0; path = Drawing2.app; sourceTree = BUILT_PRODUCTS_DIR; };
		665D141E29783FE20050C10C /* Drawing2App.swift */ = {isa = PBXFileReference; lastKnownFileType = sourcecode.swift; path = Drawing2App.swift; sourceTree = "<group>"; };
		665D142029783FE20050C10C /* ContentView.swift */ = {isa = PBXFileReference; lastKnownFileType = sourcecode.swift; path = ContentView.swift; sourceTree = "<group>"; };
		665D142229783FE30050C10C /* Assets.xcassets */ = {isa = PBXFileReference; lastKnownFileType = folder.assetcatalog; path = Assets.xcassets; sourceTree = "<group>"; };
		665D142529783FE30050C10C /* Preview Assets.xcassets */ = {isa = PBXFileReference; lastKnownFileType = folder.assetcatalog; path = "Preview Assets.xcassets"; sourceTree = "<group>"; };
		665D142C2978530F0050C10C /* project9pt3.swift */ = {isa = PBXFileReference; lastKnownFileType = sourcecode.swift; path = project9pt3.swift; sourceTree = "<group>"; };
		665D142E29785B660050C10C /* AnimatingSimpleShapes.swift */ = {isa = PBXFileReference; lastKnownFileType = sourcecode.swift; path = AnimatingSimpleShapes.swift; sourceTree = "<group>"; };
		665D1430297864020050C10C /* AnimatingComplexShapes.swift */ = {isa = PBXFileReference; lastKnownFileType = sourcecode.swift; path = AnimatingComplexShapes.swift; sourceTree = "<group>"; };
		665D1432297869230050C10C /* Spirograph.swift */ = {isa = PBXFileReference; lastKnownFileType = sourcecode.swift; path = Spirograph.swift; sourceTree = "<group>"; };
		665D143429787F100050C10C /* challenges.swift */ = {isa = PBXFileReference; lastKnownFileType = sourcecode.swift; path = challenges.swift; sourceTree = "<group>"; };
/* End PBXFileReference section */

/* Begin PBXFrameworksBuildPhase section */
		665D141829783FE20050C10C /* Frameworks */ = {
			isa = PBXFrameworksBuildPhase;
			buildActionMask = 2147483647;
			files = (
			);
			runOnlyForDeploymentPostprocessing = 0;
		};
/* End PBXFrameworksBuildPhase section */

/* Begin PBXGroup section */
		665D141229783FE20050C10C = {
			isa = PBXGroup;
			children = (
				665D141D29783FE20050C10C /* Drawing2 */,
				665D141C29783FE20050C10C /* Products */,
			);
			sourceTree = "<group>";
		};
		665D141C29783FE20050C10C /* Products */ = {
			isa = PBXGroup;
			children = (
				665D141B29783FE20050C10C /* Drawing2.app */,
			);
			name = Products;
			sourceTree = "<group>";
		};
		665D141D29783FE20050C10C /* Drawing2 */ = {
			isa = PBXGroup;
			children = (
				665D141E29783FE20050C10C /* Drawing2App.swift */,
				665D142029783FE20050C10C /* ContentView.swift */,
				665D143429787F100050C10C /* challenges.swift */,
				665D142C2978530F0050C10C /* project9pt3.swift */,
				665D142E29785B660050C10C /* AnimatingSimpleShapes.swift */,
				665D1430297864020050C10C /* AnimatingComplexShapes.swift */,
				665D1432297869230050C10C /* Spirograph.swift */,
				665D142229783FE30050C10C /* Assets.xcassets */,
				665D142429783FE30050C10C /* Preview Content */,
			);
			path = Drawing2;
			sourceTree = "<group>";
		};
		665D142429783FE30050C10C /* Preview Content */ = {
			isa = PBXGroup;
			children = (
				665D142529783FE30050C10C /* Preview Assets.xcassets */,
			);
			path = "Preview Content";
			sourceTree = "<group>";
		};
/* End PBXGroup section */

/* Begin PBXNativeTarget section */
		665D141A29783FE20050C10C /* Drawing2 */ = {
			isa = PBXNativeTarget;
			buildConfigurationList = 665D142929783FE30050C10C /* Build configuration list for PBXNativeTarget "Drawing2" */;
			buildPhases = (
				665D141729783FE20050C10C /* Sources */,
				665D141829783FE20050C10C /* Frameworks */,
				665D141929783FE20050C10C /* Resources */,
			);
			buildRules = (
			);
			dependencies = (
			);
			name = Drawing2;
			productName = Drawing2;
			productReference = 665D141B29783FE20050C10C /* Drawing2.app */;
			productType = "com.apple.product-type.application";
		};
/* End PBXNativeTarget section */

/* Begin PBXProject section */
		665D141329783FE20050C10C /* Project object */ = {
			isa = PBXProject;
			attributes = {
				BuildIndependentTargetsInParallel = 1;
				LastSwiftUpdateCheck = 1420;
				LastUpgradeCheck = 1420;
				TargetAttributes = {
					665D141A29783FE20050C10C = {
						CreatedOnToolsVersion = 14.2;
					};
				};
			};
			buildConfigurationList = 665D141629783FE20050C10C /* Build configuration list for PBXProject "Drawing2" */;
			compatibilityVersion = "Xcode 14.0";
			developmentRegion = en;
			hasScannedForEncodings = 0;
			knownRegions = (
				en,
				Base,
			);
			mainGroup = 665D141229783FE20050C10C;
			productRefGroup = 665D141C29783FE20050C10C /* Products */;
			projectDirPath = "";
			projectRoot = "";
			targets = (
				665D141A29783FE20050C10C /* Drawing2 */,
			);
		};
/* End PBXProject section */

/* Begin PBXResourcesBuildPhase section */
		665D141929783FE20050C10C /* Resources */ = {
			isa = PBXResourcesBuildPhase;
			buildActionMask = 2147483647;
			files = (
				665D142629783FE30050C10C /* Preview Assets.xcassets in Resources */,
				665D142329783FE30050C10C /* Assets.xcassets in Resources */,
			);
			runOnlyForDeploymentPostprocessing = 0;
		};
/* End PBXResourcesBuildPhase section */

/* Begin PBXSourcesBuildPhase section */
		665D141729783FE20050C10C /* Sources */ = {
			isa = PBXSourcesBuildPhase;
			buildActionMask = 2147483647;
			files = (
				665D142F29785B660050C10C /* AnimatingSimpleShapes.swift in Sources */,
				665D1431297864020050C10C /* AnimatingComplexShapes.swift in Sources */,
				665D142D2978530F0050C10C /* project9pt3.swift in Sources */,
				665D142129783FE20050C10C /* ContentView.swift in Sources */,
				665D143529787F100050C10C /* challenges.swift in Sources */,
				665D1433297869230050C10C /* Spirograph.swift in Sources */,
				665D141F29783FE20050C10C /* Drawing2App.swift in Sources */,
			);
			runOnlyForDeploymentPostprocessing = 0;
		};
/* End PBXSourcesBuildPhase section */

/* Begin XCBuildConfiguration section */
		665D142729783FE30050C10C /* Debug */ = {
			isa = XCBuildConfiguration;
			buildSettings = {
				ALWAYS_SEARCH_USER_PATHS = NO;
				CLANG_ANALYZER_NONNULL = YES;
				CLANG_ANALYZER_NUMBER_OBJECT_CONVERSION = YES_AGGRESSIVE;
				CLANG_CXX_LANGUAGE_STANDARD = "gnu++20";
				CLANG_ENABLE_MODULES = YES;
				CLANG_ENABLE_OBJC_ARC = YES;
				CLANG_ENABLE_OBJC_WEAK = YES;
				CLANG_WARN_BLOCK_CAPTURE_AUTORELEASING = YES;
				CLANG_WARN_BOOL_CONVERSION = YES;
				CLANG_WARN_COMMA = YES;
				CLANG_WARN_CONSTANT_CONVERSION = YES;
				CLANG_WARN_DEPRECATED_OBJC_IMPLEMENTATIONS = YES;
				CLANG_WARN_DIRECT_OBJC_ISA_USAGE = YES_ERROR;
				CLANG_WARN_DOCUMENTATION_COMMENTS = YES;
				CLANG_WARN_EMPTY_BODY = YES;
				CLANG_WARN_ENUM_CONVERSION = YES;
				CLANG_WARN_INFINITE_RECURSION = YES;
				CLANG_WARN_INT_CONVERSION = YES;
				CLANG_WARN_NON_LITERAL_NULL_CONVERSION = YES;
				CLANG_WARN_OBJC_IMPLICIT_RETAIN_SELF = YES;
				CLANG_WARN_OBJC_LITERAL_CONVERSION = YES;
				CLANG_WARN_OBJC_ROOT_CLASS = YES_ERROR;
				CLANG_WARN_QUOTED_INCLUDE_IN_FRAMEWORK_HEADER = YES;
				CLANG_WARN_RANGE_LOOP_ANALYSIS = YES;
				CLANG_WARN_STRICT_PROTOTYPES = YES;
				CLANG_WARN_SUSPICIOUS_MOVE = YES;
				CLANG_WARN_UNGUARDED_AVAILABILITY = YES_AGGRESSIVE;
				CLANG_WARN_UNREACHABLE_CODE = YES;
				CLANG_WARN__DUPLICATE_METHOD_MATCH = YES;
				COPY_PHASE_STRIP = NO;
				DEBUG_INFORMATION_FORMAT = dwarf;
				ENABLE_STRICT_OBJC_MSGSEND = YES;
				ENABLE_TESTABILITY = YES;
				GCC_C_LANGUAGE_STANDARD = gnu11;
				GCC_DYNAMIC_NO_PIC = NO;
				GCC_NO_COMMON_BLOCKS = YES;
				GCC_OPTIMIZATION_LEVEL = 0;
				GCC_PREPROCESSOR_DEFINITIONS = (
					"DEBUG=1",
					"$(inherited)",
				);
				GCC_WARN_64_TO_32_BIT_CONVERSION = YES;
				GCC_WARN_ABOUT_RETURN_TYPE = YES_ERROR;
				GCC_WARN_UNDECLARED_SELECTOR = YES;
				GCC_WARN_UNINITIALIZED_AUTOS = YES_AGGRESSIVE;
				GCC_WARN_UNUSED_FUNCTION = YES;
				GCC_WARN_UNUSED_VARIABLE = YES;
				IPHONEOS_DEPLOYMENT_TARGET = 16.2;
				MTL_ENABLE_DEBUG_INFO = INCLUDE_SOURCE;
				MTL_FAST_MATH = YES;
				ONLY_ACTIVE_ARCH = YES;
				SDKROOT = iphoneos;
				SWIFT_ACTIVE_COMPILATION_CONDITIONS = DEBUG;
				SWIFT_OPTIMIZATION_LEVEL = "-Onone";
			};
			name = Debug;
		};
		665D142829783FE30050C10C /* Release */ = {
			isa = XCBuildConfiguration;
			buildSettings = {
				ALWAYS_SEARCH_USER_PATHS = NO;
				CLANG_ANALYZER_NONNULL = YES;
				CLANG_ANALYZER_NUMBER_OBJECT_CONVERSION = YES_AGGRESSIVE;
				CLANG_CXX_LANGUAGE_STANDARD = "gnu++20";
				CLANG_ENABLE_MODULES = YES;
				CLANG_ENABLE_OBJC_ARC = YES;
				CLANG_ENABLE_OBJC_WEAK = YES;
				CLANG_WARN_BLOCK_CAPTURE_AUTORELEASING = YES;
				CLANG_WARN_BOOL_CONVERSION = YES;
				CLANG_WARN_COMMA = YES;
				CLANG_WARN_CONSTANT_CONVERSION = YES;
				CLANG_WARN_DEPRECATED_OBJC_IMPLEMENTATIONS = YES;
				CLANG_WARN_DIRECT_OBJC_ISA_USAGE = YES_ERROR;
				CLANG_WARN_DOCUMENTATION_COMMENTS = YES;
				CLANG_WARN_EMPTY_BODY = YES;
				CLANG_WARN_ENUM_CONVERSION = YES;
				CLANG_WARN_INFINITE_RECURSION = YES;
				CLANG_WARN_INT_CONVERSION = YES;
				CLANG_WARN_NON_LITERAL_NULL_CONVERSION = YES;
				CLANG_WARN_OBJC_IMPLICIT_RETAIN_SELF = YES;
				CLANG_WARN_OBJC_LITERAL_CONVERSION = YES;
				CLANG_WARN_OBJC_ROOT_CLASS = YES_ERROR;
				CLANG_WARN_QUOTED_INCLUDE_IN_FRAMEWORK_HEADER = YES;
				CLANG_WARN_RANGE_LOOP_ANALYSIS = YES;
				CLANG_WARN_STRICT_PROTOTYPES = YES;
				CLANG_WARN_SUSPICIOUS_MOVE = YES;
				CLANG_WARN_UNGUARDED_AVAILABILITY = YES_AGGRESSIVE;
				CLANG_WARN_UNREACHABLE_CODE = YES;
				CLANG_WARN__DUPLICATE_METHOD_MATCH = YES;
				COPY_PHASE_STRIP = NO;
				DEBUG_INFORMATION_FORMAT = "dwarf-with-dsym";
				ENABLE_NS_ASSERTIONS = NO;
				ENABLE_STRICT_OBJC_MSGSEND = YES;
				GCC_C_LANGUAGE_STANDARD = gnu11;
				GCC_NO_COMMON_BLOCKS = YES;
				GCC_WARN_64_TO_32_BIT_CONVERSION = YES;
				GCC_WARN_ABOUT_RETURN_TYPE = YES_ERROR;
				GCC_WARN_UNDECLARED_SELECTOR = YES;
				GCC_WARN_UNINITIALIZED_AUTOS = YES_AGGRESSIVE;
				GCC_WARN_UNUSED_FUNCTION = YES;
				GCC_WARN_UNUSED_VARIABLE = YES;
				IPHONEOS_DEPLOYMENT_TARGET = 16.2;
				MTL_ENABLE_DEBUG_INFO = NO;
				MTL_FAST_MATH = YES;
				SDKROOT = iphoneos;
				SWIFT_COMPILATION_MODE = wholemodule;
				SWIFT_OPTIMIZATION_LEVEL = "-O";
				VALIDATE_PRODUCT = YES;
			};
			name = Release;
		};
		665D142A29783FE30050C10C /* Debug */ = {
			isa = XCBuildConfiguration;
			buildSettings = {
				ASSETCATALOG_COMPILER_APPICON_NAME = AppIcon;
				ASSETCATALOG_COMPILER_GLOBAL_ACCENT_COLOR_NAME = AccentColor;
				CODE_SIGN_STYLE = Automatic;
				CURRENT_PROJECT_VERSION = 1;
				DEVELOPMENT_ASSET_PATHS = "\"Drawing2/Preview Content\"";
				ENABLE_PREVIEWS = YES;
				GENERATE_INFOPLIST_FILE = YES;
				INFOPLIST_KEY_UIApplicationSceneManifest_Generation = YES;
				INFOPLIST_KEY_UIApplicationSupportsIndirectInputEvents = YES;
				INFOPLIST_KEY_UILaunchScreen_Generation = YES;
				INFOPLIST_KEY_UISupportedInterfaceOrientations_iPad = "UIInterfaceOrientationPortrait UIInterfaceOrientationPortraitUpsideDown UIInterfaceOrientationLandscapeLeft UIInterfaceOrientationLandscapeRight";
				INFOPLIST_KEY_UISupportedInterfaceOrientations_iPhone = "UIInterfaceOrientationPortrait UIInterfaceOrientationLandscapeLeft UIInterfaceOrientationLandscapeRight";
				LD_RUNPATH_SEARCH_PATHS = (
					"$(inherited)",
					"@executable_path/Frameworks",
				);
				MARKETING_VERSION = 1.0;
				PRODUCT_BUNDLE_IDENTIFIER = com.leachprojects.Drawing2;
				PRODUCT_NAME = "$(TARGET_NAME)";
				SWIFT_EMIT_LOC_STRINGS = YES;
				SWIFT_VERSION = 5.0;
				TARGETED_DEVICE_FAMILY = "1,2";
			};
			name = Debug;
		};
		665D142B29783FE30050C10C /* Release */ = {
			isa = XCBuildConfiguration;
			buildSettings = {
				ASSETCATALOG_COMPILER_APPICON_NAME = AppIcon;
				ASSETCATALOG_COMPILER_GLOBAL_ACCENT_COLOR_NAME = AccentColor;
				CODE_SIGN_STYLE = Automatic;
				CURRENT_PROJECT_VERSION = 1;
				DEVELOPMENT_ASSET_PATHS = "\"Drawing2/Preview Content\"";
				ENABLE_PREVIEWS = YES;
				GENERATE_INFOPLIST_FILE = YES;
				INFOPLIST_KEY_UIApplicationSceneManifest_Generation = YES;
				INFOPLIST_KEY_UIApplicationSupportsIndirectInputEvents = YES;
				INFOPLIST_KEY_UILaunchScreen_Generation = YES;
				INFOPLIST_KEY_UISupportedInterfaceOrientations_iPad = "UIInterfaceOrientationPortrait UIInterfaceOrientationPortraitUpsideDown UIInterfaceOrientationLandscapeLeft UIInterfaceOrientationLandscapeRight";
				INFOPLIST_KEY_UISupportedInterfaceOrientations_iPhone = "UIInterfaceOrientationPortrait UIInterfaceOrientationLandscapeLeft UIInterfaceOrientationLandscapeRight";
				LD_RUNPATH_SEARCH_PATHS = (
					"$(inherited)",
					"@executable_path/Frameworks",
				);
				MARKETING_VERSION = 1.0;
				PRODUCT_BUNDLE_IDENTIFIER = com.leachprojects.Drawing2;
				PRODUCT_NAME = "$(TARGET_NAME)";
				SWIFT_EMIT_LOC_STRINGS = YES;
				SWIFT_VERSION = 5.0;
				TARGETED_DEVICE_FAMILY = "1,2";
			};
			name = Release;
		};
/* End XCBuildConfiguration section */

/* Begin XCConfigurationList section */
		665D141629783FE20050C10C /* Build configuration list for PBXProject "Drawing2" */ = {
			isa = XCConfigurationList;
			buildConfigurations = (
				665D142729783FE30050C10C /* Debug */,
				665D142829783FE30050C10C /* Release */,
			);
			defaultConfigurationIsVisible = 0;
			defaultConfigurationName = Release;
		};
		665D142929783FE30050C10C /* Build configuration list for PBXNativeTarget "Drawing2" */ = {
			isa = XCConfigurationList;
			buildConfigurations = (
				665D142A29783FE30050C10C /* Debug */,
				665D142B29783FE30050C10C /* Release */,
			);
			defaultConfigurationIsVisible = 0;
			defaultConfigurationName = Release;
		};
/* End XCConfigurationList section */
	};
	rootObject = 665D141329783FE20050C10C /* Project object */;
}
